
Microsoft Visual Studio Solution File, Format Version 12.00
# Visual Studio Version 17
VisualStudioVersion = 17.14.36121.58 d17.14
MinimumVisualStudioVersion = 10.0.40219.1
Project("{FAE04EC0-301F-11D3-BF4B-00C04F79EFBC}") = "AssignmentPro", "AssignmentPro\AssignmentPro.csproj", "{BF4DD6A1-65AF-406E-A30F-16BA5F295F7C}"
EndProject
Global
	GlobalSection(SolutionConfigurationPlatforms) = preSolution
		Debug|Any CPU = Debug|Any CPU
		Release|Any CPU = Release|Any CPU
	EndGlobalSection
	GlobalSection(ProjectConfigurationPlatforms) = postSolution
		{BF4DD6A1-65AF-406E-A30F-16BA5F295F7C}.Debug|Any CPU.ActiveCfg = Debug|Any CPU
		{BF4DD6A1-65AF-406E-A30F-16BA5F295F7C}.Debug|Any CPU.Build.0 = Debug|Any CPU
		{BF4DD6A1-65AF-406E-A30F-16BA5F295F7C}.Release|Any CPU.ActiveCfg = Release|Any CPU
		{BF4DD6A1-65AF-406E-A30F-16BA5F295F7C}.Release|Any CPU.Build.0 = Release|Any CPU
	EndGlobalSection
	GlobalSection(SolutionProperties) = preSolution
		HideSolutionNode = FALSE
	EndGlobalSection
	GlobalSection(ExtensibilityGlobals) = postSolution
		SolutionGuid = {44874A45-F72F-4C27-B996-B00075473F2D}
	EndGlobalSection
EndGlobal
